{
    "version": 3,
    "terraform_version": "0.11.7",
    "serial": 10,
    "lineage": "c91dec03-c682-6390-a867-dbce079ac58f",
    "modules": [
        {
            "path": [
                "root"
            ],
            "outputs": {
                "ip": {
                    "sensitive": false,
                    "type": "string",
                    "value": "18.210.3.233"
                }
            },
            "resources": {
                "aws_eip.ip": {
                    "type": "aws_eip",
                    "depends_on": [
                        "aws_instance.example"
                    ],
                    "primary": {
                        "id": "eipalloc-0fbec9aaa55cf4a43",
                        "attributes": {
                            "association_id": "eipassoc-07f0a56a52c4c4b37",
                            "domain": "vpc",
                            "id": "eipalloc-0fbec9aaa55cf4a43",
                            "instance": "i-01a7564a29741a38f",
                            "network_interface": "eni-0f086157454b689fd",
                            "private_ip": "172.31.93.56",
                            "public_ip": "18.210.3.233",
                            "tags.%": "0",
                            "vpc": "true"
                        },
                        "meta": {
                            "e2bfb730-ecaa-11e6-8f88-34363bc7c4c0": {
                                "delete": 180000000000,
                                "read": 900000000000,
                                "update": 300000000000
                            }
                        },
                        "tainted": false
                    },
                    "deposed": [],
                    "provider": "provider.aws"
                },
                "aws_instance.example": {
                    "type": "aws_instance",
                    "depends_on": [],
                    "primary": {
                        "id": "i-01a7564a29741a38f",
                        "attributes": {
                            "ami": "ami-b374d5a5",
                            "associate_public_ip_address": "true",
                            "availability_zone": "us-east-1d",
                            "credit_specification.#": "1",
                            "credit_specification.0.cpu_credits": "standard",
                            "disable_api_termination": "false",
                            "ebs_block_device.#": "0",
                            "ebs_optimized": "false",
                            "ephemeral_block_device.#": "0",
                            "get_password_data": "false",
                            "iam_instance_profile": "",
                            "id": "i-01a7564a29741a38f",
                            "instance_state": "running",
                            "instance_type": "t2.micro",
                            "ipv6_addresses.#": "0",
                            "key_name": "",
                            "monitoring": "false",
                            "network_interface.#": "0",
                            "network_interface_id": "eni-0f086157454b689fd",
                            "password_data": "",
                            "placement_group": "",
                            "primary_network_interface_id": "eni-0f086157454b689fd",
                            "private_dns": "ip-172-31-93-56.ec2.internal",
                            "private_ip": "172.31.93.56",
                            "public_dns": "ec2-18-210-3-233.compute-1.amazonaws.com",
                            "public_ip": "18.210.3.233",
                            "root_block_device.#": "1",
                            "root_block_device.0.delete_on_termination": "true",
                            "root_block_device.0.iops": "100",
                            "root_block_device.0.volume_id": "vol-0667a447f6ac7e91c",
                            "root_block_device.0.volume_size": "8",
                            "root_block_device.0.volume_type": "gp2",
                            "security_groups.#": "1",
                            "security_groups.3814588639": "default",
                            "source_dest_check": "true",
                            "subnet_id": "subnet-d1df06ff",
                            "tags.%": "0",
                            "tenancy": "default",
                            "volume_tags.%": "0",
                            "vpc_security_group_ids.#": "1",
                            "vpc_security_group_ids.4104124380": "sg-2ffd5c64"
                        },
                        "meta": {
                            "e2bfb730-ecaa-11e6-8f88-34363bc7c4c0": {
                                "create": 600000000000,
                                "delete": 1200000000000,
                                "update": 600000000000
                            },
                            "schema_version": "1"
                        },
                        "tainted": false
                    },
                    "deposed": [],
                    "provider": "provider.aws"
                }
            },
            "depends_on": []
        }
    ]
}
